
Microsoft Visual Studio Solution File, Format Version 12.00
# Visual Studio Version 16
VisualStudioVersion = 16.0.30128.74
MinimumVisualStudioVersion = 10.0.40219.1
Project("{FAE04EC0-301F-11D3-BF4B-00C04F79EFBC}") = "STUDY_NOTBOOK", "STUDY_NOTBOOK\STUDY_NOTBOOK.csproj", "{17CD9B7D-3BDB-4AA6-AA64-8C47D05C4C7D}"
EndProject
Global
	GlobalSection(SolutionConfigurationPlatforms) = preSolution
		Debug|Any CPU = Debug|Any CPU
		Release|Any CPU = Release|Any CPU
	EndGlobalSection
	GlobalSection(ProjectConfigurationPlatforms) = postSolution
		{17CD9B7D-3BDB-4AA6-AA64-8C47D05C4C7D}.Debug|Any CPU.ActiveCfg = Debug|Any CPU
		{17CD9B7D-3BDB-4AA6-AA64-8C47D05C4C7D}.Debug|Any CPU.Build.0 = Debug|Any CPU
		{17CD9B7D-3BDB-4AA6-AA64-8C47D05C4C7D}.Release|Any CPU.ActiveCfg = Release|Any CPU
		{17CD9B7D-3BDB-4AA6-AA64-8C47D05C4C7D}.Release|Any CPU.Build.0 = Release|Any CPU
	EndGlobalSection
	GlobalSection(SolutionProperties) = preSolution
		HideSolutionNode = FALSE
	EndGlobalSection
	GlobalSection(ExtensibilityGlobals) = postSolution
		SolutionGuid = {10B3AE40-FB28-43E5-AFA7-B3571D1BF7A5}
	EndGlobalSection
EndGlobal
